
Microsoft Visual Studio Solution File, Format Version 12.00
# Visual Studio Version 17
VisualStudioVersion = 17.3.32901.215
MinimumVisualStudioVersion = 10.0.40219.1
Project("{FAE04EC0-301F-11D3-BF4B-00C04F79EFBC}") = "chapter6", "chapter6\chapter6.csproj", "{B0002793-4A1C-4798-8439-6BBF17F3C8A7}"
EndProject
Global
	GlobalSection(SolutionConfigurationPlatforms) = preSolution
		Debug|Any CPU = Debug|Any CPU
		Release|Any CPU = Release|Any CPU
	EndGlobalSection
	GlobalSection(ProjectConfigurationPlatforms) = postSolution
		{B0002793-4A1C-4798-8439-6BBF17F3C8A7}.Debug|Any CPU.ActiveCfg = Debug|Any CPU
		{B0002793-4A1C-4798-8439-6BBF17F3C8A7}.Debug|Any CPU.Build.0 = Debug|Any CPU
		{B0002793-4A1C-4798-8439-6BBF17F3C8A7}.Release|Any CPU.ActiveCfg = Release|Any CPU
		{B0002793-4A1C-4798-8439-6BBF17F3C8A7}.Release|Any CPU.Build.0 = Release|Any CPU
	EndGlobalSection
	GlobalSection(SolutionProperties) = preSolution
		HideSolutionNode = FALSE
	EndGlobalSection
	GlobalSection(ExtensibilityGlobals) = postSolution
		SolutionGuid = {E55E9732-F468-46BB-9C91-94CDABA7632B}
	EndGlobalSection
EndGlobal
